
Microsoft Visual Studio Solution File, Format Version 12.00
# Visual Studio Version 17
VisualStudioVersion = 17.1.32210.238
MinimumVisualStudioVersion = 10.0.40219.1
Project("{8BC9CEB8-8B4A-11D0-8D11-00A0C91BC942}") = "DrawPictures", "DrawPictures\DrawPictures.vcxproj", "{31BA1DFF-A35F-4CA7-AB36-AC60AA1E1482}"
EndProject
Global
	GlobalSection(SolutionConfigurationPlatforms) = preSolution
		Debug|x64 = Debug|x64
		Debug|x86 = Debug|x86
		Release|x64 = Release|x64
		Release|x86 = Release|x86
	EndGlobalSection
	GlobalSection(ProjectConfigurationPlatforms) = postSolution
		{31BA1DFF-A35F-4CA7-AB36-AC60AA1E1482}.Debug|x64.ActiveCfg = Debug|x64
		{31BA1DFF-A35F-4CA7-AB36-AC60AA1E1482}.Debug|x64.Build.0 = Debug|x64
		{31BA1DFF-A35F-4CA7-AB36-AC60AA1E1482}.Debug|x86.ActiveCfg = Debug|Win32
		{31BA1DFF-A35F-4CA7-AB36-AC60AA1E1482}.Debug|x86.Build.0 = Debug|Win32
		{31BA1DFF-A35F-4CA7-AB36-AC60AA1E1482}.Release|x64.ActiveCfg = Release|x64
		{31BA1DFF-A35F-4CA7-AB36-AC60AA1E1482}.Release|x64.Build.0 = Release|x64
		{31BA1DFF-A35F-4CA7-AB36-AC60AA1E1482}.Release|x86.ActiveCfg = Release|Win32
		{31BA1DFF-A35F-4CA7-AB36-AC60AA1E1482}.Release|x86.Build.0 = Release|Win32
	EndGlobalSection
	GlobalSection(SolutionProperties) = preSolution
		HideSolutionNode = FALSE
	EndGlobalSection
	GlobalSection(ExtensibilityGlobals) = postSolution
		SolutionGuid = {451410FD-DB22-4C40-827E-AD8A7B6A0F7A}
	EndGlobalSection
EndGlobal
